
Microsoft Visual Studio Solution File, Format Version 12.00
# Visual Studio Version 17
VisualStudioVersion = 17.7.34024.191
MinimumVisualStudioVersion = 10.0.40219.1
Project("{2150E333-8FDC-42A3-9474-1A3956D46DE8}") = "Элементы решения", "Элементы решения", "{FC42153B-5FED-4BD9-8CC5-B1598F33B5D6}"
	ProjectSection(SolutionItems) = preProject
		.gitignore = .gitignore
	EndProjectSection
EndProject
Project("{9A19103F-16F7-4668-BE54-9A1E7A4F7556}") = "MentalHospital.API", "MentalHospital.API\MentalHospital.API.csproj", "{10550D53-E62F-4883-8CE6-4AAE2FD1C9AF}"
EndProject
Global
	GlobalSection(SolutionConfigurationPlatforms) = preSolution
		Debug|Any CPU = Debug|Any CPU
		Release|Any CPU = Release|Any CPU
	EndGlobalSection
	GlobalSection(ProjectConfigurationPlatforms) = postSolution
		{10550D53-E62F-4883-8CE6-4AAE2FD1C9AF}.Debug|Any CPU.ActiveCfg = Debug|Any CPU
		{10550D53-E62F-4883-8CE6-4AAE2FD1C9AF}.Debug|Any CPU.Build.0 = Debug|Any CPU
		{10550D53-E62F-4883-8CE6-4AAE2FD1C9AF}.Release|Any CPU.ActiveCfg = Release|Any CPU
		{10550D53-E62F-4883-8CE6-4AAE2FD1C9AF}.Release|Any CPU.Build.0 = Release|Any CPU
	EndGlobalSection
	GlobalSection(SolutionProperties) = preSolution
		HideSolutionNode = FALSE
	EndGlobalSection
	GlobalSection(ExtensibilityGlobals) = postSolution
		SolutionGuid = {E077805B-D510-4097-AB80-C4A723553FB5}
	EndGlobalSection
EndGlobal
